// !$*UTF8*$!
{
	archiveVersion = 1;
	classes = {
	};
	objectVersion = 50;
	objects = {

/* Begin PBXBuildFile section */
		693A6F2C20E6F51000B63AA6 /* SwiftyFeedback.framework in Frameworks */ = {isa = PBXBuildFile; fileRef = 693A6F2B20E6F50800B63AA6 /* SwiftyFeedback.framework */; };
		693A6F2D20E6F51000B63AA6 /* SwiftyFeedback.framework in Embed Frameworks */ = {isa = PBXBuildFile; fileRef = 693A6F2B20E6F50800B63AA6 /* SwiftyFeedback.framework */; settings = {ATTRIBUTES = (CodeSignOnCopy, RemoveHeadersOnCopy, ); }; };
		69E23BF820E6E0F100BD3AAE /* AppDelegate.swift in Sources */ = {isa = PBXBuildFile; fileRef = 69E23BF720E6E0F100BD3AAE /* AppDelegate.swift */; };
		69E23BFA20E6E0F100BD3AAE /* ViewController.swift in Sources */ = {isa = PBXBuildFile; fileRef = 69E23BF920E6E0F100BD3AAE /* ViewController.swift */; };
		69E23BFD20E6E0F100BD3AAE /* Main.storyboard in Resources */ = {isa = PBXBuildFile; fileRef = 69E23BFB20E6E0F100BD3AAE /* Main.storyboard */; };
		69E23BFF20E6E0F200BD3AAE /* Assets.xcassets in Resources */ = {isa = PBXBuildFile; fileRef = 69E23BFE20E6E0F200BD3AAE /* Assets.xcassets */; };
		69E23C0220E6E0F200BD3AAE /* LaunchScreen.storyboard in Resources */ = {isa = PBXBuildFile; fileRef = 69E23C0020E6E0F200BD3AAE /* LaunchScreen.storyboard */; };
/* End PBXBuildFile section */

/* Begin PBXContainerItemProxy section */
		693A6F2A20E6F50800B63AA6 /* PBXContainerItemProxy */ = {
			isa = PBXContainerItemProxy;
			containerPortal = 693A6F2620E6F50800B63AA6 /* SwiftyFeedback.xcodeproj */;
			proxyType = 2;
			remoteGlobalIDString = 693DBCED20E6DE6E00202D14;
			remoteInfo = SwiftyFeedback;
		};
		693A6F2E20E6F51000B63AA6 /* PBXContainerItemProxy */ = {
			isa = PBXContainerItemProxy;
			containerPortal = 693A6F2620E6F50800B63AA6 /* SwiftyFeedback.xcodeproj */;
			proxyType = 1;
			remoteGlobalIDString = 693DBCEC20E6DE6E00202D14;
			remoteInfo = SwiftyFeedback;
		};
/* End PBXContainerItemProxy section */

/* Begin PBXCopyFilesBuildPhase section */
		69E23C1220E6E11200BD3AAE /* Embed Frameworks */ = {
			isa = PBXCopyFilesBuildPhase;
			buildActionMask = 2147483647;
			dstPath = "";
			dstSubfolderSpec = 10;
			files = (
				693A6F2D20E6F51000B63AA6 /* SwiftyFeedback.framework in Embed Frameworks */,
			);
			name = "Embed Frameworks";
			runOnlyForDeploymentPostprocessing = 0;
		};
/* End PBXCopyFilesBuildPhase section */

/* Begin PBXFileReference section */
		693A6F2620E6F50800B63AA6 /* SwiftyFeedback.xcodeproj */ = {isa = PBXFileReference; lastKnownFileType = "wrapper.pb-project"; name = SwiftyFeedback.xcodeproj; path = ../SwiftyFeedback.xcodeproj; sourceTree = "<group>"; };
		69E23BF420E6E0F100BD3AAE /* Example.app */ = {isa = PBXFileReference; explicitFileType = wrapper.application; includeInIndex = 0; path = Example.app; sourceTree = BUILT_PRODUCTS_DIR; };
		69E23BF720E6E0F100BD3AAE /* AppDelegate.swift */ = {isa = PBXFileReference; lastKnownFileType = sourcecode.swift; path = AppDelegate.swift; sourceTree = "<group>"; };
		69E23BF920E6E0F100BD3AAE /* ViewController.swift */ = {isa = PBXFileReference; lastKnownFileType = sourcecode.swift; path = ViewController.swift; sourceTree = "<group>"; };
		69E23BFC20E6E0F100BD3AAE /* Base */ = {isa = PBXFileReference; lastKnownFileType = file.storyboard; name = Base; path = Base.lproj/Main.storyboard; sourceTree = "<group>"; };
		69E23BFE20E6E0F200BD3AAE /* Assets.xcassets */ = {isa = PBXFileReference; lastKnownFileType = folder.assetcatalog; path = Assets.xcassets; sourceTree = "<group>"; };
		69E23C0120E6E0F200BD3AAE /* Base */ = {isa = PBXFileReference; lastKnownFileType = file.storyboard; name = Base; path = Base.lproj/LaunchScreen.storyboard; sourceTree = "<group>"; };
		69E23C0320E6E0F200BD3AAE /* Info.plist */ = {isa = PBXFileReference; lastKnownFileType = text.plist.xml; path = Info.plist; sourceTree = "<group>"; };
/* End PBXFileReference section */

/* Begin PBXFrameworksBuildPhase section */
		69E23BF120E6E0F100BD3AAE /* Frameworks */ = {
			isa = PBXFrameworksBuildPhase;
			buildActionMask = 2147483647;
			files = (
				693A6F2C20E6F51000B63AA6 /* SwiftyFeedback.framework in Frameworks */,
			);
			runOnlyForDeploymentPostprocessing = 0;
		};
/* End PBXFrameworksBuildPhase section */

/* Begin PBXGroup section */
		693A6F2720E6F50800B63AA6 /* Products */ = {
			isa = PBXGroup;
			children = (
				693A6F2B20E6F50800B63AA6 /* SwiftyFeedback.framework */,
			);
			name = Products;
			sourceTree = "<group>";
		};
		69E23BEB20E6E0F100BD3AAE = {
			isa = PBXGroup;
			children = (
				693A6F2620E6F50800B63AA6 /* SwiftyFeedback.xcodeproj */,
				69E23BF620E6E0F100BD3AAE /* Example */,
				69E23BF520E6E0F100BD3AAE /* Products */,
			);
			sourceTree = "<group>";
		};
		69E23BF520E6E0F100BD3AAE /* Products */ = {
			isa = PBXGroup;
			children = (
				69E23BF420E6E0F100BD3AAE /* Example.app */,
			);
			name = Products;
			sourceTree = "<group>";
		};
		69E23BF620E6E0F100BD3AAE /* Example */ = {
			isa = PBXGroup;
			children = (
				69E23BF720E6E0F100BD3AAE /* AppDelegate.swift */,
				69E23BF920E6E0F100BD3AAE /* ViewController.swift */,
				69E23BFB20E6E0F100BD3AAE /* Main.storyboard */,
				69E23BFE20E6E0F200BD3AAE /* Assets.xcassets */,
				69E23C0020E6E0F200BD3AAE /* LaunchScreen.storyboard */,
				69E23C0320E6E0F200BD3AAE /* Info.plist */,
			);
			path = Example;
			sourceTree = "<group>";
		};
/* End PBXGroup section */

/* Begin PBXNativeTarget section */
		69E23BF320E6E0F100BD3AAE /* Example */ = {
			isa = PBXNativeTarget;
			buildConfigurationList = 69E23C0620E6E0F200BD3AAE /* Build configuration list for PBXNativeTarget "Example" */;
			buildPhases = (
				69E23BF020E6E0F100BD3AAE /* Sources */,
				69E23BF120E6E0F100BD3AAE /* Frameworks */,
				69E23BF220E6E0F100BD3AAE /* Resources */,
				69E23C1220E6E11200BD3AAE /* Embed Frameworks */,
			);
			buildRules = (
			);
			dependencies = (
				693A6F2F20E6F51000B63AA6 /* PBXTargetDependency */,
			);
			name = Example;
			productName = Example;
			productReference = 69E23BF420E6E0F100BD3AAE /* Example.app */;
			productType = "com.apple.product-type.application";
		};
/* End PBXNativeTarget section */

/* Begin PBXProject section */
		69E23BEC20E6E0F100BD3AAE /* Project object */ = {
			isa = PBXProject;
			attributes = {
				LastSwiftUpdateCheck = 0930;
				LastUpgradeCheck = 0930;
				ORGANIZATIONNAME = "Juan Pablo Fernandez";
				TargetAttributes = {
					69E23BF320E6E0F100BD3AAE = {
						CreatedOnToolsVersion = 9.3;
					};
				};
			};
			buildConfigurationList = 69E23BEF20E6E0F100BD3AAE /* Build configuration list for PBXProject "Example" */;
			compatibilityVersion = "Xcode 9.3";
			developmentRegion = en;
			hasScannedForEncodings = 0;
			knownRegions = (
				en,
				Base,
			);
			mainGroup = 69E23BEB20E6E0F100BD3AAE;
			productRefGroup = 69E23BF520E6E0F100BD3AAE /* Products */;
			projectDirPath = "";
			projectReferences = (
				{
					ProductGroup = 693A6F2720E6F50800B63AA6 /* Products */;
					ProjectRef = 693A6F2620E6F50800B63AA6 /* SwiftyFeedback.xcodeproj */;
				},
			);
			projectRoot = "";
			targets = (
				69E23BF320E6E0F100BD3AAE /* Example */,
			);
		};
/* End PBXProject section */

/* Begin PBXReferenceProxy section */
		693A6F2B20E6F50800B63AA6 /* SwiftyFeedback.framework */ = {
			isa = PBXReferenceProxy;
			fileType = wrapper.framework;
			path = SwiftyFeedback.framework;
			remoteRef = 693A6F2A20E6F50800B63AA6 /* PBXContainerItemProxy */;
			sourceTree = BUILT_PRODUCTS_DIR;
		};
/* End PBXReferenceProxy section */

/* Begin PBXResourcesBuildPhase section */
		69E23BF220E6E0F100BD3AAE /* Resources */ = {
			isa = PBXResourcesBuildPhase;
			buildActionMask = 2147483647;
			files = (
				69E23C0220E6E0F200BD3AAE /* LaunchScreen.storyboard in Resources */,
				69E23BFF20E6E0F200BD3AAE /* Assets.xcassets in Resources */,
				69E23BFD20E6E0F100BD3AAE /* Main.storyboard in Resources */,
			);
			runOnlyForDeploymentPostprocessing = 0;
		};
/* End PBXResourcesBuildPhase section */

/* Begin PBXSourcesBuildPhase section */
		69E23BF020E6E0F100BD3AAE /* Sources */ = {
			isa = PBXSourcesBuildPhase;
			buildActionMask = 2147483647;
			files = (
				69E23BFA20E6E0F100BD3AAE /* ViewController.swift in Sources */,
				69E23BF820E6E0F100BD3AAE /* AppDelegate.swift in Sources */,
			);
			runOnlyForDeploymentPostprocessing = 0;
		};
/* End PBXSourcesBuildPhase section */

/* Begin PBXTargetDependency section */
		693A6F2F20E6F51000B63AA6 /* PBXTargetDependency */ = {
			isa = PBXTargetDependency;
			name = SwiftyFeedback;
			targetProxy = 693A6F2E20E6F51000B63AA6 /* PBXContainerItemProxy */;
		};
/* End PBXTargetDependency section */

/* Begin PBXVariantGroup section */
		69E23BFB20E6E0F100BD3AAE /* Main.storyboard */ = {
			isa = PBXVariantGroup;
			children = (
				69E23BFC20E6E0F100BD3AAE /* Base */,
			);
			name = Main.storyboard;
			sourceTree = "<group>";
		};
		69E23C0020E6E0F200BD3AAE /* LaunchScreen.storyboard */ = {
			isa = PBXVariantGroup;
			children = (
				69E23C0120E6E0F200BD3AAE /* Base */,
			);
			name = LaunchScreen.storyboard;
			sourceTree = "<group>";
		};
/* End PBXVariantGroup section */

/* Begin XCBuildConfiguration section */
		69E23C0420E6E0F200BD3AAE /* Debug */ = {
			isa = XCBuildConfiguration;
			buildSettings = {
				ALWAYS_SEARCH_USER_PATHS = NO;
				CLANG_ANALYZER_NONNULL = YES;
				CLANG_ANALYZER_NUMBER_OBJECT_CONVERSION = YES_AGGRESSIVE;
				CLANG_CXX_LANGUAGE_STANDARD = "gnu++14";
				CLANG_CXX_LIBRARY = "libc++";
				CLANG_ENABLE_MODULES = YES;
				CLANG_ENABLE_OBJC_ARC = YES;
				CLANG_ENABLE_OBJC_WEAK = YES;
				CLANG_WARN_BLOCK_CAPTURE_AUTORELEASING = YES;
				CLANG_WARN_BOOL_CONVERSION = YES;
				CLANG_WARN_COMMA = YES;
				CLANG_WARN_CONSTANT_CONVERSION = YES;
				CLANG_WARN_DEPRECATED_OBJC_IMPLEMENTATIONS = YES;
				CLANG_WARN_DIRECT_OBJC_ISA_USAGE = YES_ERROR;
				CLANG_WARN_DOCUMENTATION_COMMENTS = YES;
				CLANG_WARN_EMPTY_BODY = YES;
				CLANG_WARN_ENUM_CONVERSION = YES;
				CLANG_WARN_INFINITE_RECURSION = YES;
				CLANG_WARN_INT_CONVERSION = YES;
				CLANG_WARN_NON_LITERAL_NULL_CONVERSION = YES;
				CLANG_WARN_OBJC_IMPLICIT_RETAIN_SELF = YES;
				CLANG_WARN_OBJC_LITERAL_CONVERSION = YES;
				CLANG_WARN_OBJC_ROOT_CLASS = YES_ERROR;
				CLANG_WARN_RANGE_LOOP_ANALYSIS = YES;
				CLANG_WARN_STRICT_PROTOTYPES = YES;
				CLANG_WARN_SUSPICIOUS_MOVE = YES;
				CLANG_WARN_UNGUARDED_AVAILABILITY = YES_AGGRESSIVE;
				CLANG_WARN_UNREACHABLE_CODE = YES;
				CLANG_WARN__DUPLICATE_METHOD_MATCH = YES;
				CODE_SIGN_IDENTITY = "iPhone Developer";
				COPY_PHASE_STRIP = NO;
				DEBUG_INFORMATION_FORMAT = dwarf;
				ENABLE_STRICT_OBJC_MSGSEND = YES;
				ENABLE_TESTABILITY = YES;
				GCC_C_LANGUAGE_STANDARD = gnu11;
				GCC_DYNAMIC_NO_PIC = NO;
				GCC_NO_COMMON_BLOCKS = YES;
				GCC_OPTIMIZATION_LEVEL = 0;
				GCC_PREPROCESSOR_DEFINITIONS = (
					"DEBUG=1",
					"$(inherited)",
				);
				GCC_WARN_64_TO_32_BIT_CONVERSION = YES;
				GCC_WARN_ABOUT_RETURN_TYPE = YES_ERROR;
				GCC_WARN_UNDECLARED_SELECTOR = YES;
				GCC_WARN_UNINITIALIZED_AUTOS = YES_AGGRESSIVE;
				GCC_WARN_UNUSED_FUNCTION = YES;
				GCC_WARN_UNUSED_VARIABLE = YES;
				IPHONEOS_DEPLOYMENT_TARGET = 11.3;
				MTL_ENABLE_DEBUG_INFO = YES;
				ONLY_ACTIVE_ARCH = YES;
				SDKROOT = iphoneos;
				SWIFT_ACTIVE_COMPILATION_CONDITIONS = DEBUG;
				SWIFT_OPTIMIZATION_LEVEL = "-Onone";
			};
			name = Debug;
		};
		69E23C0520E6E0F200BD3AAE /* Release */ = {
			isa = XCBuildConfiguration;
			buildSettings = {
				ALWAYS_SEARCH_USER_PATHS = NO;
				CLANG_ANALYZER_NONNULL = YES;
				CLANG_ANALYZER_NUMBER_OBJECT_CONVERSION = YES_AGGRESSIVE;
				CLANG_CXX_LANGUAGE_STANDARD = "gnu++14";
				CLANG_CXX_LIBRARY = "libc++";
				CLANG_ENABLE_MODULES = YES;
				CLANG_ENABLE_OBJC_ARC = YES;
				CLANG_ENABLE_OBJC_WEAK = YES;
				CLANG_WARN_BLOCK_CAPTURE_AUTORELEASING = YES;
				CLANG_WARN_BOOL_CONVERSION = YES;
				CLANG_WARN_COMMA = YES;
				CLANG_WARN_CONSTANT_CONVERSION = YES;
				CLANG_WARN_DEPRECATED_OBJC_IMPLEMENTATIONS = YES;
				CLANG_WARN_DIRECT_OBJC_ISA_USAGE = YES_ERROR;
				CLANG_WARN_DOCUMENTATION_COMMENTS = YES;
				CLANG_WARN_EMPTY_BODY = YES;
				CLANG_WARN_ENUM_CONVERSION = YES;
				CLANG_WARN_INFINITE_RECURSION = YES;
				CLANG_WARN_INT_CONVERSION = YES;
				CLANG_WARN_NON_LITERAL_NULL_CONVERSION = YES;
				CLANG_WARN_OBJC_IMPLICIT_RETAIN_SELF = YES;
				CLANG_WARN_OBJC_LITERAL_CONVERSION = YES;
				CLANG_WARN_OBJC_ROOT_CLASS = YES_ERROR;
				CLANG_WARN_RANGE_LOOP_ANALYSIS = YES;
				CLANG_WARN_STRICT_PROTOTYPES = YES;
				CLANG_WARN_SUSPICIOUS_MOVE = YES;
				CLANG_WARN_UNGUARDED_AVAILABILITY = YES_AGGRESSIVE;
				CLANG_WARN_UNREACHABLE_CODE = YES;
				CLANG_WARN__DUPLICATE_METHOD_MATCH = YES;
				CODE_SIGN_IDENTITY = "iPhone Developer";
				COPY_PHASE_STRIP = NO;
				DEBUG_INFORMATION_FORMAT = "dwarf-with-dsym";
				ENABLE_NS_ASSERTIONS = NO;
				ENABLE_STRICT_OBJC_MSGSEND = YES;
				GCC_C_LANGUAGE_STANDARD = gnu11;
				GCC_NO_COMMON_BLOCKS = YES;
				GCC_WARN_64_TO_32_BIT_CONVERSION = YES;
				GCC_WARN_ABOUT_RETURN_TYPE = YES_ERROR;
				GCC_WARN_UNDECLARED_SELECTOR = YES;
				GCC_WARN_UNINITIALIZED_AUTOS = YES_AGGRESSIVE;
				GCC_WARN_UNUSED_FUNCTION = YES;
				GCC_WARN_UNUSED_VARIABLE = YES;
				IPHONEOS_DEPLOYMENT_TARGET = 11.3;
				MTL_ENABLE_DEBUG_INFO = NO;
				SDKROOT = iphoneos;
				SWIFT_COMPILATION_MODE = wholemodule;
				SWIFT_OPTIMIZATION_LEVEL = "-O";
				VALIDATE_PRODUCT = YES;
			};
			name = Release;
		};
		69E23C0720E6E0F200BD3AAE /* Debug */ = {
			isa = XCBuildConfiguration;
			buildSettings = {
				ALWAYS_EMBED_SWIFT_STANDARD_LIBRARIES = YES;
				ASSETCATALOG_COMPILER_APPICON_NAME = AppIcon;
				CODE_SIGN_STYLE = Automatic;
				DEVELOPMENT_TEAM = V92SZ8966T;
				INFOPLIST_FILE = Example/Info.plist;
				LD_RUNPATH_SEARCH_PATHS = (
					"$(inherited)",
					"@executable_path/Frameworks",
				);
				PRODUCT_BUNDLE_IDENTIFIER = com.juanpablofernandez.Example;
				PRODUCT_NAME = "$(TARGET_NAME)";
				SWIFT_VERSION = 4.0;
				TARGETED_DEVICE_FAMILY = "1,2";
			};
			name = Debug;
		};
		69E23C0820E6E0F200BD3AAE /* Release */ = {
			isa = XCBuildConfiguration;
			buildSettings = {
				ALWAYS_EMBED_SWIFT_STANDARD_LIBRARIES = YES;
				ASSETCATALOG_COMPILER_APPICON_NAME = AppIcon;
				CODE_SIGN_STYLE = Automatic;
				DEVELOPMENT_TEAM = V92SZ8966T;
				INFOPLIST_FILE = Example/Info.plist;
				LD_RUNPATH_SEARCH_PATHS = (
					"$(inherited)",
					"@executable_path/Frameworks",
				);
				PRODUCT_BUNDLE_IDENTIFIER = com.juanpablofernandez.Example;
				PRODUCT_NAME = "$(TARGET_NAME)";
				SWIFT_VERSION = 4.0;
				TARGETED_DEVICE_FAMILY = "1,2";
			};
			name = Release;
		};
/* End XCBuildConfiguration section */

/* Begin XCConfigurationList section */
		69E23BEF20E6E0F100BD3AAE /* Build configuration list for PBXProject "Example" */ = {
			isa = XCConfigurationList;
			buildConfigurations = (
				69E23C0420E6E0F200BD3AAE /* Debug */,
				69E23C0520E6E0F200BD3AAE /* Release */,
			);
			defaultConfigurationIsVisible = 0;
			defaultConfigurationName = Release;
		};
		69E23C0620E6E0F200BD3AAE /* Build configuration list for PBXNativeTarget "Example" */ = {
			isa = XCConfigurationList;
			buildConfigurations = (
				69E23C0720E6E0F200BD3AAE /* Debug */,
				69E23C0820E6E0F200BD3AAE /* Release */,
			);
			defaultConfigurationIsVisible = 0;
			defaultConfigurationName = Release;
		};
/* End XCConfigurationList section */
	};
	rootObject = 69E23BEC20E6E0F100BD3AAE /* Project object */;
}
